
Microsoft Visual Studio Solution File, Format Version 12.00
# Visual Studio Version 17
VisualStudioVersion = 17.2.32602.215
MinimumVisualStudioVersion = 10.0.40219.1
Project("{9A19103F-16F7-4668-BE54-9A1E7A4F7556}") = "BKShop.Data", "BKShop.Data\BKShop.Data.csproj", "{BDA13E6F-B540-4FFD-86AA-C9371927BE5C}"
EndProject
Project("{9A19103F-16F7-4668-BE54-9A1E7A4F7556}") = "BKShop.API", "BKShop.API\BKShop.API.csproj", "{96F0E142-7495-4E6B-88EB-3A9AC0046C8F}"
EndProject
Project("{9A19103F-16F7-4668-BE54-9A1E7A4F7556}") = "BKShop.Application", "BKShop.Application\BKShop.Application.csproj", "{0EFF476D-65D5-4735-B1D6-9BA4750BBFD6}"
EndProject
Project("{9A19103F-16F7-4668-BE54-9A1E7A4F7556}") = "BKShop.Utilities", "BKShop.Utilities\BKShop.Utilities.csproj", "{F0060C6D-ED30-4799-8D30-2009425E79CF}"
EndProject
Project("{9A19103F-16F7-4668-BE54-9A1E7A4F7556}") = "BKShop.ViewModels", "BKShop.ViewModels\BKShop.ViewModels.csproj", "{E0D4D4D5-B782-4F13-9B4A-839C360F2A75}"
EndProject
Project("{9A19103F-16F7-4668-BE54-9A1E7A4F7556}") = "BKShop.ApiIntegration", "BKShop.ApiIntegration\BKShop.ApiIntegration.csproj", "{7B3039A1-7CC0-41E2-AA39-A92C41D31B1B}"
EndProject
Project("{9A19103F-16F7-4668-BE54-9A1E7A4F7556}") = "BKShop.CustomersSite", "BKShop.CustomersSite\BKShop.CustomersSite.csproj", "{4F590929-3D47-4C2D-800B-706F4ED3FE6D}"
EndProject
Project("{FAE04EC0-301F-11D3-BF4B-00C04F79EFBC}") = "BKShop.UnitTest", "BKShop.UnitTest\BKShop.UnitTest.csproj", "{DB4D1BEE-47B0-466C-9332-7F94BFB16834}"
EndProject
Global
	GlobalSection(SolutionConfigurationPlatforms) = preSolution
		Debug|Any CPU = Debug|Any CPU
		Release|Any CPU = Release|Any CPU
	EndGlobalSection
	GlobalSection(ProjectConfigurationPlatforms) = postSolution
		{BDA13E6F-B540-4FFD-86AA-C9371927BE5C}.Debug|Any CPU.ActiveCfg = Debug|Any CPU
		{BDA13E6F-B540-4FFD-86AA-C9371927BE5C}.Debug|Any CPU.Build.0 = Debug|Any CPU
		{BDA13E6F-B540-4FFD-86AA-C9371927BE5C}.Release|Any CPU.ActiveCfg = Release|Any CPU
		{BDA13E6F-B540-4FFD-86AA-C9371927BE5C}.Release|Any CPU.Build.0 = Release|Any CPU
		{96F0E142-7495-4E6B-88EB-3A9AC0046C8F}.Debug|Any CPU.ActiveCfg = Debug|Any CPU
		{96F0E142-7495-4E6B-88EB-3A9AC0046C8F}.Debug|Any CPU.Build.0 = Debug|Any CPU
		{96F0E142-7495-4E6B-88EB-3A9AC0046C8F}.Release|Any CPU.ActiveCfg = Release|Any CPU
		{96F0E142-7495-4E6B-88EB-3A9AC0046C8F}.Release|Any CPU.Build.0 = Release|Any CPU
		{0EFF476D-65D5-4735-B1D6-9BA4750BBFD6}.Debug|Any CPU.ActiveCfg = Debug|Any CPU
		{0EFF476D-65D5-4735-B1D6-9BA4750BBFD6}.Debug|Any CPU.Build.0 = Debug|Any CPU
		{0EFF476D-65D5-4735-B1D6-9BA4750BBFD6}.Release|Any CPU.ActiveCfg = Release|Any CPU
		{0EFF476D-65D5-4735-B1D6-9BA4750BBFD6}.Release|Any CPU.Build.0 = Release|Any CPU
		{F0060C6D-ED30-4799-8D30-2009425E79CF}.Debug|Any CPU.ActiveCfg = Debug|Any CPU
		{F0060C6D-ED30-4799-8D30-2009425E79CF}.Debug|Any CPU.Build.0 = Debug|Any CPU
		{F0060C6D-ED30-4799-8D30-2009425E79CF}.Release|Any CPU.ActiveCfg = Release|Any CPU
		{F0060C6D-ED30-4799-8D30-2009425E79CF}.Release|Any CPU.Build.0 = Release|Any CPU
		{E0D4D4D5-B782-4F13-9B4A-839C360F2A75}.Debug|Any CPU.ActiveCfg = Debug|Any CPU
		{E0D4D4D5-B782-4F13-9B4A-839C360F2A75}.Debug|Any CPU.Build.0 = Debug|Any CPU
		{E0D4D4D5-B782-4F13-9B4A-839C360F2A75}.Release|Any CPU.ActiveCfg = Release|Any CPU
		{E0D4D4D5-B782-4F13-9B4A-839C360F2A75}.Release|Any CPU.Build.0 = Release|Any CPU
		{7B3039A1-7CC0-41E2-AA39-A92C41D31B1B}.Debug|Any CPU.ActiveCfg = Debug|Any CPU
		{7B3039A1-7CC0-41E2-AA39-A92C41D31B1B}.Debug|Any CPU.Build.0 = Debug|Any CPU
		{7B3039A1-7CC0-41E2-AA39-A92C41D31B1B}.Release|Any CPU.ActiveCfg = Release|Any CPU
		{7B3039A1-7CC0-41E2-AA39-A92C41D31B1B}.Release|Any CPU.Build.0 = Release|Any CPU
		{4F590929-3D47-4C2D-800B-706F4ED3FE6D}.Debug|Any CPU.ActiveCfg = Debug|Any CPU
		{4F590929-3D47-4C2D-800B-706F4ED3FE6D}.Debug|Any CPU.Build.0 = Debug|Any CPU
		{4F590929-3D47-4C2D-800B-706F4ED3FE6D}.Release|Any CPU.ActiveCfg = Release|Any CPU
		{4F590929-3D47-4C2D-800B-706F4ED3FE6D}.Release|Any CPU.Build.0 = Release|Any CPU
		{DB4D1BEE-47B0-466C-9332-7F94BFB16834}.Debug|Any CPU.ActiveCfg = Debug|Any CPU
		{DB4D1BEE-47B0-466C-9332-7F94BFB16834}.Debug|Any CPU.Build.0 = Debug|Any CPU
		{DB4D1BEE-47B0-466C-9332-7F94BFB16834}.Release|Any CPU.ActiveCfg = Release|Any CPU
		{DB4D1BEE-47B0-466C-9332-7F94BFB16834}.Release|Any CPU.Build.0 = Release|Any CPU
	EndGlobalSection
	GlobalSection(SolutionProperties) = preSolution
		HideSolutionNode = FALSE
	EndGlobalSection
	GlobalSection(ExtensibilityGlobals) = postSolution
		SolutionGuid = {3373AD99-C354-4BBD-9468-5D185FAD9FE1}
	EndGlobalSection
EndGlobal
