
Microsoft Visual Studio Solution File, Format Version 12.00
# Visual Studio Version 17
VisualStudioVersion = 17.2.32602.215
MinimumVisualStudioVersion = 10.0.40219.1
Project("{9A19103F-16F7-4668-BE54-9A1E7A4F7556}") = "BKShop.Data", "BKShop.Data\BKShop.Data.csproj", "{BDA13E6F-B540-4FFD-86AA-C9371927BE5C}"
EndProject
Project("{FAE04EC0-301F-11D3-BF4B-00C04F79EFBC}") = "BKShop.API", "BKShop.API\BKShop.API.csproj", "{96F0E142-7495-4E6B-88EB-3A9AC0046C8F}"
EndProject
Global
	GlobalSection(SolutionConfigurationPlatforms) = preSolution
		Debug|Any CPU = Debug|Any CPU
		Release|Any CPU = Release|Any CPU
	EndGlobalSection
	GlobalSection(ProjectConfigurationPlatforms) = postSolution
		{BDA13E6F-B540-4FFD-86AA-C9371927BE5C}.Debug|Any CPU.ActiveCfg = Debug|Any CPU
		{BDA13E6F-B540-4FFD-86AA-C9371927BE5C}.Debug|Any CPU.Build.0 = Debug|Any CPU
		{BDA13E6F-B540-4FFD-86AA-C9371927BE5C}.Release|Any CPU.ActiveCfg = Release|Any CPU
		{BDA13E6F-B540-4FFD-86AA-C9371927BE5C}.Release|Any CPU.Build.0 = Release|Any CPU
		{96F0E142-7495-4E6B-88EB-3A9AC0046C8F}.Debug|Any CPU.ActiveCfg = Debug|Any CPU
		{96F0E142-7495-4E6B-88EB-3A9AC0046C8F}.Debug|Any CPU.Build.0 = Debug|Any CPU
		{96F0E142-7495-4E6B-88EB-3A9AC0046C8F}.Release|Any CPU.ActiveCfg = Release|Any CPU
		{96F0E142-7495-4E6B-88EB-3A9AC0046C8F}.Release|Any CPU.Build.0 = Release|Any CPU
	EndGlobalSection
	GlobalSection(SolutionProperties) = preSolution
		HideSolutionNode = FALSE
	EndGlobalSection
	GlobalSection(ExtensibilityGlobals) = postSolution
		SolutionGuid = {3373AD99-C354-4BBD-9468-5D185FAD9FE1}
	EndGlobalSection
EndGlobal
